
Microsoft Visual Studio Solution File, Format Version 12.00
# Visual Studio 15
VisualStudioVersion = 15.0.28010.2016
MinimumVisualStudioVersion = 10.0.40219.1
Project("{FAE04EC0-301F-11D3-BF4B-00C04F79EFBC}") = "Serializable_Atributo", "Serializable_Atributo\Serializable_Atributo.csproj", "{F0B93782-58A7-4BE7-8DC7-97181E461683}"
EndProject
Global
	GlobalSection(SolutionConfigurationPlatforms) = preSolution
		Debug|Any CPU = Debug|Any CPU
		Release|Any CPU = Release|Any CPU
	EndGlobalSection
	GlobalSection(ProjectConfigurationPlatforms) = postSolution
		{F0B93782-58A7-4BE7-8DC7-97181E461683}.Debug|Any CPU.ActiveCfg = Debug|Any CPU
		{F0B93782-58A7-4BE7-8DC7-97181E461683}.Debug|Any CPU.Build.0 = Debug|Any CPU
		{F0B93782-58A7-4BE7-8DC7-97181E461683}.Release|Any CPU.ActiveCfg = Release|Any CPU
		{F0B93782-58A7-4BE7-8DC7-97181E461683}.Release|Any CPU.Build.0 = Release|Any CPU
	EndGlobalSection
	GlobalSection(SolutionProperties) = preSolution
		HideSolutionNode = FALSE
	EndGlobalSection
	GlobalSection(ExtensibilityGlobals) = postSolution
		SolutionGuid = {E05889E0-95CF-4F1B-B02E-F142CE6C9B45}
	EndGlobalSection
EndGlobal
