
Microsoft Visual Studio Solution File, Format Version 12.00
# Visual Studio 15
VisualStudioVersion = 15.0.28010.2016
MinimumVisualStudioVersion = 10.0.40219.1
Project("{FAE04EC0-301F-11D3-BF4B-00C04F79EFBC}") = "Reflection_CustAttribute", "Reflection_CustAttribute\Reflection_CustAttribute.csproj", "{68D499AC-23C3-49E2-A1B6-58FD7FEA3C00}"
EndProject
Global
	GlobalSection(SolutionConfigurationPlatforms) = preSolution
		Debug|Any CPU = Debug|Any CPU
		Release|Any CPU = Release|Any CPU
	EndGlobalSection
	GlobalSection(ProjectConfigurationPlatforms) = postSolution
		{68D499AC-23C3-49E2-A1B6-58FD7FEA3C00}.Debug|Any CPU.ActiveCfg = Debug|Any CPU
		{68D499AC-23C3-49E2-A1B6-58FD7FEA3C00}.Debug|Any CPU.Build.0 = Debug|Any CPU
		{68D499AC-23C3-49E2-A1B6-58FD7FEA3C00}.Release|Any CPU.ActiveCfg = Release|Any CPU
		{68D499AC-23C3-49E2-A1B6-58FD7FEA3C00}.Release|Any CPU.Build.0 = Release|Any CPU
	EndGlobalSection
	GlobalSection(SolutionProperties) = preSolution
		HideSolutionNode = FALSE
	EndGlobalSection
	GlobalSection(ExtensibilityGlobals) = postSolution
		SolutionGuid = {ECDA57D3-C296-4987-AA29-AB1513A65A79}
	EndGlobalSection
EndGlobal
