
Microsoft Visual Studio Solution File, Format Version 12.00
# Visual Studio 15
VisualStudioVersion = 15.0.28010.2016
MinimumVisualStudioVersion = 10.0.40219.1
Project("{FAE04EC0-301F-11D3-BF4B-00C04F79EFBC}") = "Custom_Atributo", "Custom_Atributo\Custom_Atributo.csproj", "{B217A241-A877-4736-91DA-B07C27F54274}"
EndProject
Project("{FAE04EC0-301F-11D3-BF4B-00C04F79EFBC}") = "xUnitClassLibrary", "xUnitClassLibrary\xUnitClassLibrary.csproj", "{4B26A93D-7770-4D73-A7F2-C224CD81B42A}"
EndProject
Global
	GlobalSection(SolutionConfigurationPlatforms) = preSolution
		Debug|Any CPU = Debug|Any CPU
		Release|Any CPU = Release|Any CPU
	EndGlobalSection
	GlobalSection(ProjectConfigurationPlatforms) = postSolution
		{B217A241-A877-4736-91DA-B07C27F54274}.Debug|Any CPU.ActiveCfg = Debug|Any CPU
		{B217A241-A877-4736-91DA-B07C27F54274}.Debug|Any CPU.Build.0 = Debug|Any CPU
		{B217A241-A877-4736-91DA-B07C27F54274}.Release|Any CPU.ActiveCfg = Release|Any CPU
		{B217A241-A877-4736-91DA-B07C27F54274}.Release|Any CPU.Build.0 = Release|Any CPU
		{4B26A93D-7770-4D73-A7F2-C224CD81B42A}.Debug|Any CPU.ActiveCfg = Debug|Any CPU
		{4B26A93D-7770-4D73-A7F2-C224CD81B42A}.Debug|Any CPU.Build.0 = Debug|Any CPU
		{4B26A93D-7770-4D73-A7F2-C224CD81B42A}.Release|Any CPU.ActiveCfg = Release|Any CPU
		{4B26A93D-7770-4D73-A7F2-C224CD81B42A}.Release|Any CPU.Build.0 = Release|Any CPU
	EndGlobalSection
	GlobalSection(SolutionProperties) = preSolution
		HideSolutionNode = FALSE
	EndGlobalSection
	GlobalSection(ExtensibilityGlobals) = postSolution
		SolutionGuid = {8E8412CE-6598-4501-98DE-F1E82F8182B7}
	EndGlobalSection
EndGlobal
