
Microsoft Visual Studio Solution File, Format Version 12.00
# Visual Studio 15
VisualStudioVersion = 15.0.28010.2016
MinimumVisualStudioVersion = 10.0.40219.1
Project("{FAE04EC0-301F-11D3-BF4B-00C04F79EFBC}") = "Tipos_Value_Ref", "Tipos_Value_Ref\Tipos_Value_Ref.csproj", "{70AA4864-A044-41B7-9995-41E2714A0530}"
EndProject
Global
	GlobalSection(SolutionConfigurationPlatforms) = preSolution
		Debug|Any CPU = Debug|Any CPU
		Release|Any CPU = Release|Any CPU
	EndGlobalSection
	GlobalSection(ProjectConfigurationPlatforms) = postSolution
		{70AA4864-A044-41B7-9995-41E2714A0530}.Debug|Any CPU.ActiveCfg = Debug|Any CPU
		{70AA4864-A044-41B7-9995-41E2714A0530}.Debug|Any CPU.Build.0 = Debug|Any CPU
		{70AA4864-A044-41B7-9995-41E2714A0530}.Release|Any CPU.ActiveCfg = Release|Any CPU
		{70AA4864-A044-41B7-9995-41E2714A0530}.Release|Any CPU.Build.0 = Release|Any CPU
	EndGlobalSection
	GlobalSection(SolutionProperties) = preSolution
		HideSolutionNode = FALSE
	EndGlobalSection
	GlobalSection(ExtensibilityGlobals) = postSolution
		SolutionGuid = {9052A7FD-3B28-4184-B33C-AC7978261750}
	EndGlobalSection
EndGlobal
