
Microsoft Visual Studio Solution File, Format Version 12.00
# Visual Studio 15
VisualStudioVersion = 15.0.28010.2016
MinimumVisualStudioVersion = 10.0.40219.1
Project("{FAE04EC0-301F-11D3-BF4B-00C04F79EFBC}") = "IComparer_Example", "IComparer_Example\IComparer_Example.csproj", "{67AFDE30-FDF9-4EBF-96AD-180D484E8DFA}"
EndProject
Global
	GlobalSection(SolutionConfigurationPlatforms) = preSolution
		Debug|Any CPU = Debug|Any CPU
		Release|Any CPU = Release|Any CPU
	EndGlobalSection
	GlobalSection(ProjectConfigurationPlatforms) = postSolution
		{67AFDE30-FDF9-4EBF-96AD-180D484E8DFA}.Debug|Any CPU.ActiveCfg = Debug|Any CPU
		{67AFDE30-FDF9-4EBF-96AD-180D484E8DFA}.Debug|Any CPU.Build.0 = Debug|Any CPU
		{67AFDE30-FDF9-4EBF-96AD-180D484E8DFA}.Release|Any CPU.ActiveCfg = Release|Any CPU
		{67AFDE30-FDF9-4EBF-96AD-180D484E8DFA}.Release|Any CPU.Build.0 = Release|Any CPU
	EndGlobalSection
	GlobalSection(SolutionProperties) = preSolution
		HideSolutionNode = FALSE
	EndGlobalSection
	GlobalSection(ExtensibilityGlobals) = postSolution
		SolutionGuid = {0EC63DFF-01A4-41FE-B459-A0EAB329EA96}
	EndGlobalSection
EndGlobal
