
Microsoft Visual Studio Solution File, Format Version 12.00
# Visual Studio 15
VisualStudioVersion = 15.0.28010.2016
MinimumVisualStudioVersion = 10.0.40219.1
Project("{FAE04EC0-301F-11D3-BF4B-00C04F79EFBC}") = "Delegates_lambda", "Delegates_lambda\Delegates_lambda.csproj", "{96CFE889-3CF2-48C5-BA7A-C9E67F64B0CC}"
EndProject
Global
	GlobalSection(SolutionConfigurationPlatforms) = preSolution
		Debug|Any CPU = Debug|Any CPU
		Release|Any CPU = Release|Any CPU
	EndGlobalSection
	GlobalSection(ProjectConfigurationPlatforms) = postSolution
		{96CFE889-3CF2-48C5-BA7A-C9E67F64B0CC}.Debug|Any CPU.ActiveCfg = Debug|Any CPU
		{96CFE889-3CF2-48C5-BA7A-C9E67F64B0CC}.Debug|Any CPU.Build.0 = Debug|Any CPU
		{96CFE889-3CF2-48C5-BA7A-C9E67F64B0CC}.Release|Any CPU.ActiveCfg = Release|Any CPU
		{96CFE889-3CF2-48C5-BA7A-C9E67F64B0CC}.Release|Any CPU.Build.0 = Release|Any CPU
	EndGlobalSection
	GlobalSection(SolutionProperties) = preSolution
		HideSolutionNode = FALSE
	EndGlobalSection
	GlobalSection(ExtensibilityGlobals) = postSolution
		SolutionGuid = {9EE5F6E4-A074-4AB9-B33E-4471E8E091C0}
	EndGlobalSection
EndGlobal
