
Microsoft Visual Studio Solution File, Format Version 12.00
# Visual Studio 15
VisualStudioVersion = 15.0.28010.2016
MinimumVisualStudioVersion = 10.0.40219.1
Project("{FAE04EC0-301F-11D3-BF4B-00C04F79EFBC}") = "Reflection_DemoAssembly", "Reflection_DemoAssembly\Reflection_DemoAssembly.csproj", "{318CCF0D-B9FF-43BF-B38B-167F63E96015}"
EndProject
Global
	GlobalSection(SolutionConfigurationPlatforms) = preSolution
		Debug|Any CPU = Debug|Any CPU
		Release|Any CPU = Release|Any CPU
	EndGlobalSection
	GlobalSection(ProjectConfigurationPlatforms) = postSolution
		{318CCF0D-B9FF-43BF-B38B-167F63E96015}.Debug|Any CPU.ActiveCfg = Debug|Any CPU
		{318CCF0D-B9FF-43BF-B38B-167F63E96015}.Debug|Any CPU.Build.0 = Debug|Any CPU
		{318CCF0D-B9FF-43BF-B38B-167F63E96015}.Release|Any CPU.ActiveCfg = Release|Any CPU
		{318CCF0D-B9FF-43BF-B38B-167F63E96015}.Release|Any CPU.Build.0 = Release|Any CPU
	EndGlobalSection
	GlobalSection(SolutionProperties) = preSolution
		HideSolutionNode = FALSE
	EndGlobalSection
	GlobalSection(ExtensibilityGlobals) = postSolution
		SolutionGuid = {8A01DA73-BEF1-4321-A28E-55529944592E}
	EndGlobalSection
EndGlobal
