
Microsoft Visual Studio Solution File, Format Version 12.00
# Visual Studio 15
VisualStudioVersion = 15.0.28010.2016
MinimumVisualStudioVersion = 10.0.40219.1
Project("{FAE04EC0-301F-11D3-BF4B-00C04F79EFBC}") = "Operator_Overloading", "Operator_Overloading\Operator_Overloading.csproj", "{6A721F09-F0FC-4EB2-AD1E-2231175D9944}"
EndProject
Global
	GlobalSection(SolutionConfigurationPlatforms) = preSolution
		Debug|Any CPU = Debug|Any CPU
		Release|Any CPU = Release|Any CPU
	EndGlobalSection
	GlobalSection(ProjectConfigurationPlatforms) = postSolution
		{6A721F09-F0FC-4EB2-AD1E-2231175D9944}.Debug|Any CPU.ActiveCfg = Debug|Any CPU
		{6A721F09-F0FC-4EB2-AD1E-2231175D9944}.Debug|Any CPU.Build.0 = Debug|Any CPU
		{6A721F09-F0FC-4EB2-AD1E-2231175D9944}.Release|Any CPU.ActiveCfg = Release|Any CPU
		{6A721F09-F0FC-4EB2-AD1E-2231175D9944}.Release|Any CPU.Build.0 = Release|Any CPU
	EndGlobalSection
	GlobalSection(SolutionProperties) = preSolution
		HideSolutionNode = FALSE
	EndGlobalSection
	GlobalSection(ExtensibilityGlobals) = postSolution
		SolutionGuid = {684B2146-93AF-4CDC-A215-9E2009376E91}
	EndGlobalSection
EndGlobal
