
Microsoft Visual Studio Solution File, Format Version 12.00
# Visual Studio 15
VisualStudioVersion = 15.0.28010.2016
MinimumVisualStudioVersion = 10.0.40219.1
Project("{FAE04EC0-301F-11D3-BF4B-00C04F79EFBC}") = "REflexion_Assembly", "REflexion_Assembly\REflexion_Assembly.csproj", "{DB87CBBB-74F0-4650-BCB6-377C9A8B1B71}"
EndProject
Global
	GlobalSection(SolutionConfigurationPlatforms) = preSolution
		Debug|Any CPU = Debug|Any CPU
		Release|Any CPU = Release|Any CPU
	EndGlobalSection
	GlobalSection(ProjectConfigurationPlatforms) = postSolution
		{DB87CBBB-74F0-4650-BCB6-377C9A8B1B71}.Debug|Any CPU.ActiveCfg = Debug|Any CPU
		{DB87CBBB-74F0-4650-BCB6-377C9A8B1B71}.Debug|Any CPU.Build.0 = Debug|Any CPU
		{DB87CBBB-74F0-4650-BCB6-377C9A8B1B71}.Release|Any CPU.ActiveCfg = Release|Any CPU
		{DB87CBBB-74F0-4650-BCB6-377C9A8B1B71}.Release|Any CPU.Build.0 = Release|Any CPU
	EndGlobalSection
	GlobalSection(SolutionProperties) = preSolution
		HideSolutionNode = FALSE
	EndGlobalSection
	GlobalSection(ExtensibilityGlobals) = postSolution
		SolutionGuid = {2B1FB7D1-7BE0-4F6A-A1FF-1D0BED285BE8}
	EndGlobalSection
EndGlobal
