
Microsoft Visual Studio Solution File, Format Version 12.00
# Visual Studio 15
VisualStudioVersion = 15.0.28010.2016
MinimumVisualStudioVersion = 10.0.40219.1
Project("{FAE04EC0-301F-11D3-BF4B-00C04F79EFBC}") = "Override_Virtual", "Override_Virtual\Override_Virtual.csproj", "{C4D0FCA6-B9FA-416F-8B87-61634F1B0892}"
EndProject
Global
	GlobalSection(SolutionConfigurationPlatforms) = preSolution
		Debug|Any CPU = Debug|Any CPU
		Release|Any CPU = Release|Any CPU
	EndGlobalSection
	GlobalSection(ProjectConfigurationPlatforms) = postSolution
		{C4D0FCA6-B9FA-416F-8B87-61634F1B0892}.Debug|Any CPU.ActiveCfg = Debug|Any CPU
		{C4D0FCA6-B9FA-416F-8B87-61634F1B0892}.Debug|Any CPU.Build.0 = Debug|Any CPU
		{C4D0FCA6-B9FA-416F-8B87-61634F1B0892}.Release|Any CPU.ActiveCfg = Release|Any CPU
		{C4D0FCA6-B9FA-416F-8B87-61634F1B0892}.Release|Any CPU.Build.0 = Release|Any CPU
	EndGlobalSection
	GlobalSection(SolutionProperties) = preSolution
		HideSolutionNode = FALSE
	EndGlobalSection
	GlobalSection(ExtensibilityGlobals) = postSolution
		SolutionGuid = {5D3CC1F5-04EE-4470-AD50-1B3AE4A91C30}
	EndGlobalSection
EndGlobal
