
Microsoft Visual Studio Solution File, Format Version 12.00
# Visual Studio 15
VisualStudioVersion = 15.0.28010.2016
MinimumVisualStudioVersion = 10.0.40219.1
Project("{FAE04EC0-301F-11D3-BF4B-00C04F79EFBC}") = "Principio_Liskov", "Principio_Liskov\Principio_Liskov.csproj", "{83FBD279-FE15-42F3-8550-AD2B883E4580}"
EndProject
Global
	GlobalSection(SolutionConfigurationPlatforms) = preSolution
		Debug|Any CPU = Debug|Any CPU
		Release|Any CPU = Release|Any CPU
	EndGlobalSection
	GlobalSection(ProjectConfigurationPlatforms) = postSolution
		{83FBD279-FE15-42F3-8550-AD2B883E4580}.Debug|Any CPU.ActiveCfg = Debug|Any CPU
		{83FBD279-FE15-42F3-8550-AD2B883E4580}.Debug|Any CPU.Build.0 = Debug|Any CPU
		{83FBD279-FE15-42F3-8550-AD2B883E4580}.Release|Any CPU.ActiveCfg = Release|Any CPU
		{83FBD279-FE15-42F3-8550-AD2B883E4580}.Release|Any CPU.Build.0 = Release|Any CPU
	EndGlobalSection
	GlobalSection(SolutionProperties) = preSolution
		HideSolutionNode = FALSE
	EndGlobalSection
	GlobalSection(ExtensibilityGlobals) = postSolution
		SolutionGuid = {C562976A-D602-48B2-973D-9A1521541E75}
	EndGlobalSection
EndGlobal
