
Microsoft Visual Studio Solution File, Format Version 12.00
# Visual Studio 15
VisualStudioVersion = 15.0.28010.2016
MinimumVisualStudioVersion = 10.0.40219.1
Project("{FAE04EC0-301F-11D3-BF4B-00C04F79EFBC}") = "IEnumerable_Generic", "IEnumerable_Generic\IEnumerable_Generic.csproj", "{7AD3AF20-4860-4D96-AD1B-BA9B6DD037CB}"
EndProject
Global
	GlobalSection(SolutionConfigurationPlatforms) = preSolution
		Debug|Any CPU = Debug|Any CPU
		Release|Any CPU = Release|Any CPU
	EndGlobalSection
	GlobalSection(ProjectConfigurationPlatforms) = postSolution
		{7AD3AF20-4860-4D96-AD1B-BA9B6DD037CB}.Debug|Any CPU.ActiveCfg = Debug|Any CPU
		{7AD3AF20-4860-4D96-AD1B-BA9B6DD037CB}.Debug|Any CPU.Build.0 = Debug|Any CPU
		{7AD3AF20-4860-4D96-AD1B-BA9B6DD037CB}.Release|Any CPU.ActiveCfg = Release|Any CPU
		{7AD3AF20-4860-4D96-AD1B-BA9B6DD037CB}.Release|Any CPU.Build.0 = Release|Any CPU
	EndGlobalSection
	GlobalSection(SolutionProperties) = preSolution
		HideSolutionNode = FALSE
	EndGlobalSection
	GlobalSection(ExtensibilityGlobals) = postSolution
		SolutionGuid = {AE116704-CF45-4189-B526-247D23D08E61}
	EndGlobalSection
EndGlobal
