
Microsoft Visual Studio Solution File, Format Version 12.00
# Visual Studio 15
VisualStudioVersion = 15.0.28010.2016
MinimumVisualStudioVersion = 10.0.40219.1
Project("{FAE04EC0-301F-11D3-BF4B-00C04F79EFBC}") = "Searching", "Searching\Searching.csproj", "{DE5F7F3E-7495-47FE-B945-6E3EEE2B03F4}"
EndProject
Global
	GlobalSection(SolutionConfigurationPlatforms) = preSolution
		Debug|Any CPU = Debug|Any CPU
		Release|Any CPU = Release|Any CPU
	EndGlobalSection
	GlobalSection(ProjectConfigurationPlatforms) = postSolution
		{DE5F7F3E-7495-47FE-B945-6E3EEE2B03F4}.Debug|Any CPU.ActiveCfg = Debug|Any CPU
		{DE5F7F3E-7495-47FE-B945-6E3EEE2B03F4}.Debug|Any CPU.Build.0 = Debug|Any CPU
		{DE5F7F3E-7495-47FE-B945-6E3EEE2B03F4}.Release|Any CPU.ActiveCfg = Release|Any CPU
		{DE5F7F3E-7495-47FE-B945-6E3EEE2B03F4}.Release|Any CPU.Build.0 = Release|Any CPU
	EndGlobalSection
	GlobalSection(SolutionProperties) = preSolution
		HideSolutionNode = FALSE
	EndGlobalSection
	GlobalSection(ExtensibilityGlobals) = postSolution
		SolutionGuid = {26B80A44-31E8-4436-8464-F86D6E23DAD3}
	EndGlobalSection
EndGlobal
