
Microsoft Visual Studio Solution File, Format Version 12.00
# Visual Studio 15
VisualStudioVersion = 15.0.28010.2016
MinimumVisualStudioVersion = 10.0.40219.1
Project("{FAE04EC0-301F-11D3-BF4B-00C04F79EFBC}") = "Bit_Convert", "Bit_Convert\Bit_Convert.csproj", "{06477713-62CE-4C2E-8371-E82B16C844F5}"
EndProject
Global
	GlobalSection(SolutionConfigurationPlatforms) = preSolution
		Debug|Any CPU = Debug|Any CPU
		Release|Any CPU = Release|Any CPU
	EndGlobalSection
	GlobalSection(ProjectConfigurationPlatforms) = postSolution
		{06477713-62CE-4C2E-8371-E82B16C844F5}.Debug|Any CPU.ActiveCfg = Debug|Any CPU
		{06477713-62CE-4C2E-8371-E82B16C844F5}.Debug|Any CPU.Build.0 = Debug|Any CPU
		{06477713-62CE-4C2E-8371-E82B16C844F5}.Release|Any CPU.ActiveCfg = Release|Any CPU
		{06477713-62CE-4C2E-8371-E82B16C844F5}.Release|Any CPU.Build.0 = Release|Any CPU
	EndGlobalSection
	GlobalSection(SolutionProperties) = preSolution
		HideSolutionNode = FALSE
	EndGlobalSection
	GlobalSection(ExtensibilityGlobals) = postSolution
		SolutionGuid = {C5E95495-74D5-4171-A691-3F7F3F39F703}
	EndGlobalSection
EndGlobal
