
Microsoft Visual Studio Solution File, Format Version 12.00
# Visual Studio 15
VisualStudioVersion = 15.0.28010.2016
MinimumVisualStudioVersion = 10.0.40219.1
Project("{FAE04EC0-301F-11D3-BF4B-00C04F79EFBC}") = "Generic_Collections", "Generic_Collections\Generic_Collections.csproj", "{7C941A6B-9804-46B0-9C76-CECF0710B067}"
EndProject
Global
	GlobalSection(SolutionConfigurationPlatforms) = preSolution
		Debug|Any CPU = Debug|Any CPU
		Release|Any CPU = Release|Any CPU
	EndGlobalSection
	GlobalSection(ProjectConfigurationPlatforms) = postSolution
		{7C941A6B-9804-46B0-9C76-CECF0710B067}.Debug|Any CPU.ActiveCfg = Debug|Any CPU
		{7C941A6B-9804-46B0-9C76-CECF0710B067}.Debug|Any CPU.Build.0 = Debug|Any CPU
		{7C941A6B-9804-46B0-9C76-CECF0710B067}.Release|Any CPU.ActiveCfg = Release|Any CPU
		{7C941A6B-9804-46B0-9C76-CECF0710B067}.Release|Any CPU.Build.0 = Release|Any CPU
	EndGlobalSection
	GlobalSection(SolutionProperties) = preSolution
		HideSolutionNode = FALSE
	EndGlobalSection
	GlobalSection(ExtensibilityGlobals) = postSolution
		SolutionGuid = {7E3362E9-A006-4197-90EF-07CC357C20E0}
	EndGlobalSection
EndGlobal
