
Microsoft Visual Studio Solution File, Format Version 12.00
# Visual Studio 15
VisualStudioVersion = 15.0.28010.2016
MinimumVisualStudioVersion = 10.0.40219.1
Project("{FAE04EC0-301F-11D3-BF4B-00C04F79EFBC}") = "TiooDinamico_APIs", "TiooDinamico_APIs\TiooDinamico_APIs.csproj", "{DD49311D-3458-4B04-9B67-19E26058B3B4}"
EndProject
Global
	GlobalSection(SolutionConfigurationPlatforms) = preSolution
		Debug|Any CPU = Debug|Any CPU
		Release|Any CPU = Release|Any CPU
	EndGlobalSection
	GlobalSection(ProjectConfigurationPlatforms) = postSolution
		{DD49311D-3458-4B04-9B67-19E26058B3B4}.Debug|Any CPU.ActiveCfg = Debug|Any CPU
		{DD49311D-3458-4B04-9B67-19E26058B3B4}.Debug|Any CPU.Build.0 = Debug|Any CPU
		{DD49311D-3458-4B04-9B67-19E26058B3B4}.Release|Any CPU.ActiveCfg = Release|Any CPU
		{DD49311D-3458-4B04-9B67-19E26058B3B4}.Release|Any CPU.Build.0 = Release|Any CPU
	EndGlobalSection
	GlobalSection(SolutionProperties) = preSolution
		HideSolutionNode = FALSE
	EndGlobalSection
	GlobalSection(ExtensibilityGlobals) = postSolution
		SolutionGuid = {AD49F967-4730-4BA7-9ACC-AB890CE04532}
	EndGlobalSection
EndGlobal
