
Microsoft Visual Studio Solution File, Format Version 12.00
# Visual Studio 15
VisualStudioVersion = 15.0.28010.2041
MinimumVisualStudioVersion = 10.0.40219.1
Project("{FAE04EC0-301F-11D3-BF4B-00C04F79EFBC}") = "Enumeracao_Enum", "Enumeracao_Enum\Enumeracao_Enum.csproj", "{EE656ACE-113C-4DFC-AB46-CBD2D8AFBAC6}"
EndProject
Global
	GlobalSection(SolutionConfigurationPlatforms) = preSolution
		Debug|Any CPU = Debug|Any CPU
		Release|Any CPU = Release|Any CPU
	EndGlobalSection
	GlobalSection(ProjectConfigurationPlatforms) = postSolution
		{EE656ACE-113C-4DFC-AB46-CBD2D8AFBAC6}.Debug|Any CPU.ActiveCfg = Debug|Any CPU
		{EE656ACE-113C-4DFC-AB46-CBD2D8AFBAC6}.Debug|Any CPU.Build.0 = Debug|Any CPU
		{EE656ACE-113C-4DFC-AB46-CBD2D8AFBAC6}.Release|Any CPU.ActiveCfg = Release|Any CPU
		{EE656ACE-113C-4DFC-AB46-CBD2D8AFBAC6}.Release|Any CPU.Build.0 = Release|Any CPU
	EndGlobalSection
	GlobalSection(SolutionProperties) = preSolution
		HideSolutionNode = FALSE
	EndGlobalSection
	GlobalSection(ExtensibilityGlobals) = postSolution
		SolutionGuid = {4FB208A4-4842-4DC2-B151-E603F79E307C}
	EndGlobalSection
EndGlobal
