
Microsoft Visual Studio Solution File, Format Version 12.00
# Visual Studio 15
VisualStudioVersion = 15.0.28010.2016
MinimumVisualStudioVersion = 10.0.40219.1
Project("{FAE04EC0-301F-11D3-BF4B-00C04F79EFBC}") = "Interface_Explicity", "Interface_Explicity\Interface_Explicity.csproj", "{CC86058F-1DA1-4C08-9273-3E41179794DD}"
EndProject
Global
	GlobalSection(SolutionConfigurationPlatforms) = preSolution
		Debug|Any CPU = Debug|Any CPU
		Release|Any CPU = Release|Any CPU
	EndGlobalSection
	GlobalSection(ProjectConfigurationPlatforms) = postSolution
		{CC86058F-1DA1-4C08-9273-3E41179794DD}.Debug|Any CPU.ActiveCfg = Debug|Any CPU
		{CC86058F-1DA1-4C08-9273-3E41179794DD}.Debug|Any CPU.Build.0 = Debug|Any CPU
		{CC86058F-1DA1-4C08-9273-3E41179794DD}.Release|Any CPU.ActiveCfg = Release|Any CPU
		{CC86058F-1DA1-4C08-9273-3E41179794DD}.Release|Any CPU.Build.0 = Release|Any CPU
	EndGlobalSection
	GlobalSection(SolutionProperties) = preSolution
		HideSolutionNode = FALSE
	EndGlobalSection
	GlobalSection(ExtensibilityGlobals) = postSolution
		SolutionGuid = {999125E0-99CE-4004-9F5E-01004E7EF4FB}
	EndGlobalSection
EndGlobal
