
Microsoft Visual Studio Solution File, Format Version 12.00
# Visual Studio 15
VisualStudioVersion = 15.0.28010.2016
MinimumVisualStudioVersion = 10.0.40219.1
Project("{FAE04EC0-301F-11D3-BF4B-00C04F79EFBC}") = "Reflection_Read_Write", "Reflection_Read_Write\Reflection_Read_Write.csproj", "{CF456B82-A193-4595-8D4D-569D5CC9CA3A}"
EndProject
Global
	GlobalSection(SolutionConfigurationPlatforms) = preSolution
		Debug|Any CPU = Debug|Any CPU
		Release|Any CPU = Release|Any CPU
	EndGlobalSection
	GlobalSection(ProjectConfigurationPlatforms) = postSolution
		{CF456B82-A193-4595-8D4D-569D5CC9CA3A}.Debug|Any CPU.ActiveCfg = Debug|Any CPU
		{CF456B82-A193-4595-8D4D-569D5CC9CA3A}.Debug|Any CPU.Build.0 = Debug|Any CPU
		{CF456B82-A193-4595-8D4D-569D5CC9CA3A}.Release|Any CPU.ActiveCfg = Release|Any CPU
		{CF456B82-A193-4595-8D4D-569D5CC9CA3A}.Release|Any CPU.Build.0 = Release|Any CPU
	EndGlobalSection
	GlobalSection(SolutionProperties) = preSolution
		HideSolutionNode = FALSE
	EndGlobalSection
	GlobalSection(ExtensibilityGlobals) = postSolution
		SolutionGuid = {26A1EE82-347F-4EF7-A2F2-85463A1013C3}
	EndGlobalSection
EndGlobal
